
Microsoft Visual Studio Solution File, Format Version 12.00
# Visual Studio Version 16
VisualStudioVersion = 16.0.31005.135
MinimumVisualStudioVersion = 10.0.40219.1
Project("{FAE04EC0-301F-11D3-BF4B-00C04F79EFBC}") = "HomeWorkClassMetotDemo", "HomeWorkClassMetotDemo\HomeWorkClassMetotDemo.csproj", "{6FF92EC0-E256-4630-832C-7D41B9D489E8}"
EndProject
Global
	GlobalSection(SolutionConfigurationPlatforms) = preSolution
		Debug|Any CPU = Debug|Any CPU
		Release|Any CPU = Release|Any CPU
	EndGlobalSection
	GlobalSection(ProjectConfigurationPlatforms) = postSolution
		{6FF92EC0-E256-4630-832C-7D41B9D489E8}.Debug|Any CPU.ActiveCfg = Debug|Any CPU
		{6FF92EC0-E256-4630-832C-7D41B9D489E8}.Debug|Any CPU.Build.0 = Debug|Any CPU
		{6FF92EC0-E256-4630-832C-7D41B9D489E8}.Release|Any CPU.ActiveCfg = Release|Any CPU
		{6FF92EC0-E256-4630-832C-7D41B9D489E8}.Release|Any CPU.Build.0 = Release|Any CPU
	EndGlobalSection
	GlobalSection(SolutionProperties) = preSolution
		HideSolutionNode = FALSE
	EndGlobalSection
	GlobalSection(ExtensibilityGlobals) = postSolution
		SolutionGuid = {502DCD9E-5902-4276-B3E2-4A18EEEFD9FA}
	EndGlobalSection
EndGlobal
